
Microsoft Visual Studio Solution File, Format Version 12.00
# Visual Studio 14
VisualStudioVersion = 14.0.24720.0
MinimumVisualStudioVersion = 10.0.40219.1
Project("{FAE04EC0-301F-11D3-BF4B-00C04F79EFBC}") = "Scavanger", "Scavanger\Scavanger.csproj", "{ECD903D6-A0A5-457C-8342-96ADF4A916DE}"
EndProject
Project("{F088123C-0E9E-452A-89E6-6BA2F21D5CAC}") = "ModelingProject", "ModelingProject\ModelingProject.modelproj", "{56414539-20E9-44F5-9222-AC045075DD7A}"
EndProject
Project("{FAE04EC0-301F-11D3-BF4B-00C04F79EFBC}") = "ScavangerTests", "ScavangerTests\ScavangerTests.csproj", "{C39A650A-E015-4BE8-8563-24725E9A84A2}"
EndProject
Global
	GlobalSection(SolutionConfigurationPlatforms) = preSolution
		Debug|Any CPU = Debug|Any CPU
		Release|Any CPU = Release|Any CPU
	EndGlobalSection
	GlobalSection(ProjectConfigurationPlatforms) = postSolution
		{ECD903D6-A0A5-457C-8342-96ADF4A916DE}.Debug|Any CPU.ActiveCfg = Debug|Any CPU
		{ECD903D6-A0A5-457C-8342-96ADF4A916DE}.Debug|Any CPU.Build.0 = Debug|Any CPU
		{ECD903D6-A0A5-457C-8342-96ADF4A916DE}.Release|Any CPU.ActiveCfg = Release|Any CPU
		{ECD903D6-A0A5-457C-8342-96ADF4A916DE}.Release|Any CPU.Build.0 = Release|Any CPU
		{56414539-20E9-44F5-9222-AC045075DD7A}.Debug|Any CPU.ActiveCfg = Debug|Any CPU
		{56414539-20E9-44F5-9222-AC045075DD7A}.Debug|Any CPU.Build.0 = Debug|Any CPU
		{56414539-20E9-44F5-9222-AC045075DD7A}.Release|Any CPU.ActiveCfg = Release|Any CPU
		{56414539-20E9-44F5-9222-AC045075DD7A}.Release|Any CPU.Build.0 = Release|Any CPU
		{C39A650A-E015-4BE8-8563-24725E9A84A2}.Debug|Any CPU.ActiveCfg = Debug|Any CPU
		{C39A650A-E015-4BE8-8563-24725E9A84A2}.Debug|Any CPU.Build.0 = Debug|Any CPU
		{C39A650A-E015-4BE8-8563-24725E9A84A2}.Release|Any CPU.ActiveCfg = Release|Any CPU
		{C39A650A-E015-4BE8-8563-24725E9A84A2}.Release|Any CPU.Build.0 = Release|Any CPU
	EndGlobalSection
	GlobalSection(SolutionProperties) = preSolution
		HideSolutionNode = FALSE
	EndGlobalSection
EndGlobal
